// !$*UTF8*$!
{
	archiveVersion = 1;
	classes = {
	};
	objectVersion = 56;
	objects = {

/* Begin PBXBuildFile section */
		004E56A529122BFA00BCBBA6 /* CustomTextField.swift in Sources */ = {isa = PBXBuildFile; fileRef = 004E56A429122BFA00BCBBA6 /* CustomTextField.swift */; };
		004E56A729122DEC00BCBBA6 /* SignUpButton.swift in Sources */ = {isa = PBXBuildFile; fileRef = 004E56A629122DEC00BCBBA6 /* SignUpButton.swift */; };
		004E56AB2912441300BCBBA6 /* SignUpViewController.swift in Sources */ = {isa = PBXBuildFile; fileRef = 004E56AA2912441300BCBBA6 /* SignUpViewController.swift */; };
		00547FFC2907204E00902B6F /* NetworkManager.swift in Sources */ = {isa = PBXBuildFile; fileRef = 00547FFB2907204E00902B6F /* NetworkManager.swift */; };
		005DEEB92919EDFF0064752A /* BusRoutesViewController.swift in Sources */ = {isa = PBXBuildFile; fileRef = 005DEEB82919EDFF0064752A /* BusRoutesViewController.swift */; };
		005DEEC02919F1870064752A /* ProfileViewController.swift in Sources */ = {isa = PBXBuildFile; fileRef = 005DEEBF2919F1870064752A /* ProfileViewController.swift */; };
		007460112910995300437B54 /* LoginViewController.swift in Sources */ = {isa = PBXBuildFile; fileRef = 007460102910995300437B54 /* LoginViewController.swift */; };
		0074601A2910A90300437B54 /* MapViewController.swift in Sources */ = {isa = PBXBuildFile; fileRef = 007460192910A90300437B54 /* MapViewController.swift */; };
		00C2A8DB28FFC15E00D28793 /* AppDelegate.swift in Sources */ = {isa = PBXBuildFile; fileRef = 00C2A8DA28FFC15E00D28793 /* AppDelegate.swift */; };
		00C2A8DD28FFC15E00D28793 /* SceneDelegate.swift in Sources */ = {isa = PBXBuildFile; fileRef = 00C2A8DC28FFC15E00D28793 /* SceneDelegate.swift */; };
		00C2A8E228FFC15E00D28793 /* Main.storyboard in Resources */ = {isa = PBXBuildFile; fileRef = 00C2A8E028FFC15E00D28793 /* Main.storyboard */; };
		00C2A8E528FFC15E00D28793 /* GreenTrack.xcdatamodeld in Sources */ = {isa = PBXBuildFile; fileRef = 00C2A8E328FFC15E00D28793 /* GreenTrack.xcdatamodeld */; };
		00C2A8E728FFC15F00D28793 /* Assets.xcassets in Resources */ = {isa = PBXBuildFile; fileRef = 00C2A8E628FFC15F00D28793 /* Assets.xcassets */; };
		00C2A8EA28FFC15F00D28793 /* LaunchScreen.storyboard in Resources */ = {isa = PBXBuildFile; fileRef = 00C2A8E828FFC15F00D28793 /* LaunchScreen.storyboard */; };
		00C2A8F528FFC15F00D28793 /* GreenTrackTests.swift in Sources */ = {isa = PBXBuildFile; fileRef = 00C2A8F428FFC15F00D28793 /* GreenTrackTests.swift */; };
		00C2A8FF28FFC15F00D28793 /* GreenTrackUITests.swift in Sources */ = {isa = PBXBuildFile; fileRef = 00C2A8FE28FFC15F00D28793 /* GreenTrackUITests.swift */; };
		00C2A90128FFC15F00D28793 /* GreenTrackUITestsLaunchTests.swift in Sources */ = {isa = PBXBuildFile; fileRef = 00C2A90028FFC15F00D28793 /* GreenTrackUITestsLaunchTests.swift */; };
		0DEE9BAB831762A7927BDFAF /* Pods_GreenTrack.framework in Frameworks */ = {isa = PBXBuildFile; fileRef = EEB3BA4B26FEB2C14203F068 /* Pods_GreenTrack.framework */; };
		F6E8F16D5D5D87E74AAAEF2C /* Pods_GreenTrack_GreenTrackUITests.framework in Frameworks */ = {isa = PBXBuildFile; fileRef = BD7EFB91B39B2B1A5165F00C /* Pods_GreenTrack_GreenTrackUITests.framework */; };
		F79C167600AA3A89FDDE8296 /* Pods_GreenTrackTests.framework in Frameworks */ = {isa = PBXBuildFile; fileRef = 9EC83A5FFF426FCD5DBBE047 /* Pods_GreenTrackTests.framework */; };
/* End PBXBuildFile section */

/* Begin PBXContainerItemProxy section */
		00C2A8F128FFC15F00D28793 /* PBXContainerItemProxy */ = {
			isa = PBXContainerItemProxy;
			containerPortal = 00C2A8CF28FFC15E00D28793 /* Project object */;
			proxyType = 1;
			remoteGlobalIDString = 00C2A8D628FFC15E00D28793;
			remoteInfo = GreenTrack;
		};
		00C2A8FB28FFC15F00D28793 /* PBXContainerItemProxy */ = {
			isa = PBXContainerItemProxy;
			containerPortal = 00C2A8CF28FFC15E00D28793 /* Project object */;
			proxyType = 1;
			remoteGlobalIDString = 00C2A8D628FFC15E00D28793;
			remoteInfo = GreenTrack;
		};
/* End PBXContainerItemProxy section */

/* Begin PBXFileReference section */
		004E56A429122BFA00BCBBA6 /* CustomTextField.swift */ = {isa = PBXFileReference; lastKnownFileType = sourcecode.swift; path = CustomTextField.swift; sourceTree = "<group>"; };
		004E56A629122DEC00BCBBA6 /* SignUpButton.swift */ = {isa = PBXFileReference; lastKnownFileType = sourcecode.swift; path = SignUpButton.swift; sourceTree = "<group>"; };
		004E56AA2912441300BCBBA6 /* SignUpViewController.swift */ = {isa = PBXFileReference; lastKnownFileType = sourcecode.swift; path = SignUpViewController.swift; sourceTree = "<group>"; };
		00547FFB2907204E00902B6F /* NetworkManager.swift */ = {isa = PBXFileReference; lastKnownFileType = sourcecode.swift; path = NetworkManager.swift; sourceTree = "<group>"; };
		005DEEB82919EDFF0064752A /* BusRoutesViewController.swift */ = {isa = PBXFileReference; lastKnownFileType = sourcecode.swift; path = BusRoutesViewController.swift; sourceTree = "<group>"; };
		005DEEBF2919F1870064752A /* ProfileViewController.swift */ = {isa = PBXFileReference; lastKnownFileType = sourcecode.swift; path = ProfileViewController.swift; sourceTree = "<group>"; };
		007460102910995300437B54 /* LoginViewController.swift */ = {isa = PBXFileReference; lastKnownFileType = sourcecode.swift; path = LoginViewController.swift; sourceTree = "<group>"; };
		007460192910A90300437B54 /* MapViewController.swift */ = {isa = PBXFileReference; lastKnownFileType = sourcecode.swift; path = MapViewController.swift; sourceTree = "<group>"; };
		00C2A8D728FFC15E00D28793 /* GreenTrack.app */ = {isa = PBXFileReference; explicitFileType = wrapper.application; includeInIndex = 0; path = GreenTrack.app; sourceTree = BUILT_PRODUCTS_DIR; };
		00C2A8DA28FFC15E00D28793 /* AppDelegate.swift */ = {isa = PBXFileReference; lastKnownFileType = sourcecode.swift; path = AppDelegate.swift; sourceTree = "<group>"; };
		00C2A8DC28FFC15E00D28793 /* SceneDelegate.swift */ = {isa = PBXFileReference; lastKnownFileType = sourcecode.swift; path = SceneDelegate.swift; sourceTree = "<group>"; };
		00C2A8E128FFC15E00D28793 /* Base */ = {isa = PBXFileReference; lastKnownFileType = file.storyboard; name = Base; path = Base.lproj/Main.storyboard; sourceTree = "<group>"; };
		00C2A8E428FFC15E00D28793 /* GreenTrack.xcdatamodel */ = {isa = PBXFileReference; lastKnownFileType = wrapper.xcdatamodel; path = GreenTrack.xcdatamodel; sourceTree = "<group>"; };
		00C2A8E628FFC15F00D28793 /* Assets.xcassets */ = {isa = PBXFileReference; lastKnownFileType = folder.assetcatalog; path = Assets.xcassets; sourceTree = "<group>"; };
		00C2A8E928FFC15F00D28793 /* Base */ = {isa = PBXFileReference; lastKnownFileType = file.storyboard; name = Base; path = Base.lproj/LaunchScreen.storyboard; sourceTree = "<group>"; };
		00C2A8EB28FFC15F00D28793 /* Info.plist */ = {isa = PBXFileReference; lastKnownFileType = text.plist.xml; path = Info.plist; sourceTree = "<group>"; };
		00C2A8F028FFC15F00D28793 /* GreenTrackTests.xctest */ = {isa = PBXFileReference; explicitFileType = wrapper.cfbundle; includeInIndex = 0; path = GreenTrackTests.xctest; sourceTree = BUILT_PRODUCTS_DIR; };
		00C2A8F428FFC15F00D28793 /* GreenTrackTests.swift */ = {isa = PBXFileReference; lastKnownFileType = sourcecode.swift; path = GreenTrackTests.swift; sourceTree = "<group>"; };
		00C2A8FA28FFC15F00D28793 /* GreenTrackUITests.xctest */ = {isa = PBXFileReference; explicitFileType = wrapper.cfbundle; includeInIndex = 0; path = GreenTrackUITests.xctest; sourceTree = BUILT_PRODUCTS_DIR; };
		00C2A8FE28FFC15F00D28793 /* GreenTrackUITests.swift */ = {isa = PBXFileReference; lastKnownFileType = sourcecode.swift; path = GreenTrackUITests.swift; sourceTree = "<group>"; };
		00C2A90028FFC15F00D28793 /* GreenTrackUITestsLaunchTests.swift */ = {isa = PBXFileReference; lastKnownFileType = sourcecode.swift; path = GreenTrackUITestsLaunchTests.swift; sourceTree = "<group>"; };
		2F1447FE6A6185FB910B36FA /* Pods-GreenTrack.release.xcconfig */ = {isa = PBXFileReference; includeInIndex = 1; lastKnownFileType = text.xcconfig; name = "Pods-GreenTrack.release.xcconfig"; path = "Target Support Files/Pods-GreenTrack/Pods-GreenTrack.release.xcconfig"; sourceTree = "<group>"; };
		530964D329FEAF2CA603C2D4 /* Pods-GreenTrackTests.release.xcconfig */ = {isa = PBXFileReference; includeInIndex = 1; lastKnownFileType = text.xcconfig; name = "Pods-GreenTrackTests.release.xcconfig"; path = "Target Support Files/Pods-GreenTrackTests/Pods-GreenTrackTests.release.xcconfig"; sourceTree = "<group>"; };
		6BD51630CB0B491941023152 /* Pods-GreenTrack-GreenTrackUITests.release.xcconfig */ = {isa = PBXFileReference; includeInIndex = 1; lastKnownFileType = text.xcconfig; name = "Pods-GreenTrack-GreenTrackUITests.release.xcconfig"; path = "Target Support Files/Pods-GreenTrack-GreenTrackUITests/Pods-GreenTrack-GreenTrackUITests.release.xcconfig"; sourceTree = "<group>"; };
		89611E8F3D3CD9F8052F70A0 /* Pods-GreenTrack-GreenTrackUITests.debug.xcconfig */ = {isa = PBXFileReference; includeInIndex = 1; lastKnownFileType = text.xcconfig; name = "Pods-GreenTrack-GreenTrackUITests.debug.xcconfig"; path = "Target Support Files/Pods-GreenTrack-GreenTrackUITests/Pods-GreenTrack-GreenTrackUITests.debug.xcconfig"; sourceTree = "<group>"; };
		8EA0FF88A7B4C95E12F9A67D /* Pods-GreenTrackTests.debug.xcconfig */ = {isa = PBXFileReference; includeInIndex = 1; lastKnownFileType = text.xcconfig; name = "Pods-GreenTrackTests.debug.xcconfig"; path = "Target Support Files/Pods-GreenTrackTests/Pods-GreenTrackTests.debug.xcconfig"; sourceTree = "<group>"; };
		9EC83A5FFF426FCD5DBBE047 /* Pods_GreenTrackTests.framework */ = {isa = PBXFileReference; explicitFileType = wrapper.framework; includeInIndex = 0; path = Pods_GreenTrackTests.framework; sourceTree = BUILT_PRODUCTS_DIR; };
		A48184DCA3B89C298062349D /* Pods-GreenTrack.debug.xcconfig */ = {isa = PBXFileReference; includeInIndex = 1; lastKnownFileType = text.xcconfig; name = "Pods-GreenTrack.debug.xcconfig"; path = "Target Support Files/Pods-GreenTrack/Pods-GreenTrack.debug.xcconfig"; sourceTree = "<group>"; };
		BD7EFB91B39B2B1A5165F00C /* Pods_GreenTrack_GreenTrackUITests.framework */ = {isa = PBXFileReference; explicitFileType = wrapper.framework; includeInIndex = 0; path = Pods_GreenTrack_GreenTrackUITests.framework; sourceTree = BUILT_PRODUCTS_DIR; };
		EEB3BA4B26FEB2C14203F068 /* Pods_GreenTrack.framework */ = {isa = PBXFileReference; explicitFileType = wrapper.framework; includeInIndex = 0; path = Pods_GreenTrack.framework; sourceTree = BUILT_PRODUCTS_DIR; };
/* End PBXFileReference section */

/* Begin PBXFrameworksBuildPhase section */
		00C2A8D428FFC15E00D28793 /* Frameworks */ = {
			isa = PBXFrameworksBuildPhase;
			buildActionMask = 2147483647;
			files = (
				0DEE9BAB831762A7927BDFAF /* Pods_GreenTrack.framework in Frameworks */,
			);
			runOnlyForDeploymentPostprocessing = 0;
		};
		00C2A8ED28FFC15F00D28793 /* Frameworks */ = {
			isa = PBXFrameworksBuildPhase;
			buildActionMask = 2147483647;
			files = (
				F79C167600AA3A89FDDE8296 /* Pods_GreenTrackTests.framework in Frameworks */,
			);
			runOnlyForDeploymentPostprocessing = 0;
		};
		00C2A8F728FFC15F00D28793 /* Frameworks */ = {
			isa = PBXFrameworksBuildPhase;
			buildActionMask = 2147483647;
			files = (
				F6E8F16D5D5D87E74AAAEF2C /* Pods_GreenTrack_GreenTrackUITests.framework in Frameworks */,
			);
			runOnlyForDeploymentPostprocessing = 0;
		};
/* End PBXFrameworksBuildPhase section */

/* Begin PBXGroup section */
		004E56A929123F8B00BCBBA6 /* Buttons */ = {
			isa = PBXGroup;
			children = (
				004E56A429122BFA00BCBBA6 /* CustomTextField.swift */,
				004E56A629122DEC00BCBBA6 /* SignUpButton.swift */,
			);
			path = Buttons;
			sourceTree = "<group>";
		};
		00547FFA2907202800902B6F /* Network */ = {
			isa = PBXGroup;
			children = (
				00547FFB2907204E00902B6F /* NetworkManager.swift */,
			);
			path = Network;
			sourceTree = "<group>";
		};
		005DEEBA2919EE4F0064752A /* BusRoutes Screen */ = {
			isa = PBXGroup;
			children = (
				005DEEB82919EDFF0064752A /* BusRoutesViewController.swift */,
			);
			path = "BusRoutes Screen";
			sourceTree = "<group>";
		};
		005DEEBC2919EE710064752A /* Login Screen */ = {
			isa = PBXGroup;
			children = (
				007460102910995300437B54 /* LoginViewController.swift */,
			);
			path = "Login Screen";
			sourceTree = "<group>";
		};
		005DEEBD2919EF630064752A /* Map Screen */ = {
			isa = PBXGroup;
			children = (
				007460192910A90300437B54 /* MapViewController.swift */,
			);
			path = "Map Screen";
			sourceTree = "<group>";
		};
		005DEEBE2919EF7B0064752A /* Profile Screen */ = {
			isa = PBXGroup;
			children = (
			);
			path = "Profile Screen";
			sourceTree = "<group>";
		};
		007460142910A20D00437B54 /* Sign Up Screen */ = {
			isa = PBXGroup;
			children = (
				004E56AA2912441300BCBBA6 /* SignUpViewController.swift */,
			);
			path = "Sign Up Screen";
			sourceTree = "<group>";
		};
		00C2A8CE28FFC15E00D28793 = {
			isa = PBXGroup;
			children = (
				00C2A8D928FFC15E00D28793 /* GreenTrack */,
				00C2A8F328FFC15F00D28793 /* GreenTrackTests */,
				00C2A8FD28FFC15F00D28793 /* GreenTrackUITests */,
				00C2A8D828FFC15E00D28793 /* Products */,
				D2BD5D7F03FAD229720EDF5A /* Pods */,
				4B88D6407FEBF3382FD9B3C0 /* Frameworks */,
			);
			sourceTree = "<group>";
		};
		00C2A8D828FFC15E00D28793 /* Products */ = {
			isa = PBXGroup;
			children = (
				00C2A8D728FFC15E00D28793 /* GreenTrack.app */,
				00C2A8F028FFC15F00D28793 /* GreenTrackTests.xctest */,
				00C2A8FA28FFC15F00D28793 /* GreenTrackUITests.xctest */,
			);
			name = Products;
			sourceTree = "<group>";
		};
		00C2A8D928FFC15E00D28793 /* GreenTrack */ = {
			isa = PBXGroup;
			children = (
				00C2A8DA28FFC15E00D28793 /* AppDelegate.swift */,
				00547FFA2907202800902B6F /* Network */,
				004E56A929123F8B00BCBBA6 /* Buttons */,
				007460142910A20D00437B54 /* Sign Up Screen */,
				005DEEBA2919EE4F0064752A /* BusRoutes Screen */,
				005DEEBC2919EE710064752A /* Login Screen */,
				005DEEBD2919EF630064752A /* Map Screen */,
				005DEEBE2919EF7B0064752A /* Profile Screen */,
				00C2A8DC28FFC15E00D28793 /* SceneDelegate.swift */,
				005DEEBF2919F1870064752A /* ProfileViewController.swift */,
				00C2A8E028FFC15E00D28793 /* Main.storyboard */,
				00C2A8E628FFC15F00D28793 /* Assets.xcassets */,
				00C2A8E828FFC15F00D28793 /* LaunchScreen.storyboard */,
				00C2A8EB28FFC15F00D28793 /* Info.plist */,
				00C2A8E328FFC15E00D28793 /* GreenTrack.xcdatamodeld */,
			);
			path = GreenTrack;
			sourceTree = "<group>";
		};
		00C2A8F328FFC15F00D28793 /* GreenTrackTests */ = {
			isa = PBXGroup;
			children = (
				00C2A8F428FFC15F00D28793 /* GreenTrackTests.swift */,
			);
			path = GreenTrackTests;
			sourceTree = "<group>";
		};
		00C2A8FD28FFC15F00D28793 /* GreenTrackUITests */ = {
			isa = PBXGroup;
			children = (
				00C2A8FE28FFC15F00D28793 /* GreenTrackUITests.swift */,
				00C2A90028FFC15F00D28793 /* GreenTrackUITestsLaunchTests.swift */,
			);
			path = GreenTrackUITests;
			sourceTree = "<group>";
		};
		4B88D6407FEBF3382FD9B3C0 /* Frameworks */ = {
			isa = PBXGroup;
			children = (
				EEB3BA4B26FEB2C14203F068 /* Pods_GreenTrack.framework */,
				BD7EFB91B39B2B1A5165F00C /* Pods_GreenTrack_GreenTrackUITests.framework */,
				9EC83A5FFF426FCD5DBBE047 /* Pods_GreenTrackTests.framework */,
			);
			name = Frameworks;
			sourceTree = "<group>";
		};
		D2BD5D7F03FAD229720EDF5A /* Pods */ = {
			isa = PBXGroup;
			children = (
				A48184DCA3B89C298062349D /* Pods-GreenTrack.debug.xcconfig */,
				2F1447FE6A6185FB910B36FA /* Pods-GreenTrack.release.xcconfig */,
				89611E8F3D3CD9F8052F70A0 /* Pods-GreenTrack-GreenTrackUITests.debug.xcconfig */,
				6BD51630CB0B491941023152 /* Pods-GreenTrack-GreenTrackUITests.release.xcconfig */,
				8EA0FF88A7B4C95E12F9A67D /* Pods-GreenTrackTests.debug.xcconfig */,
				530964D329FEAF2CA603C2D4 /* Pods-GreenTrackTests.release.xcconfig */,
			);
			path = Pods;
			sourceTree = "<group>";
		};
/* End PBXGroup section */

/* Begin PBXNativeTarget section */
		00C2A8D628FFC15E00D28793 /* GreenTrack */ = {
			isa = PBXNativeTarget;
			buildConfigurationList = 00C2A90428FFC15F00D28793 /* Build configuration list for PBXNativeTarget "GreenTrack" */;
			buildPhases = (
				66567C584A976B335A07C4C3 /* [CP] Check Pods Manifest.lock */,
				00C2A8D328FFC15E00D28793 /* Sources */,
				00C2A8D428FFC15E00D28793 /* Frameworks */,
				00C2A8D528FFC15E00D28793 /* Resources */,
				B6B5E4401F5BCD4232ACC09B /* [CP] Embed Pods Frameworks */,
			);
			buildRules = (
			);
			dependencies = (
			);
			name = GreenTrack;
			productName = GreenTrack;
			productReference = 00C2A8D728FFC15E00D28793 /* GreenTrack.app */;
			productType = "com.apple.product-type.application";
		};
		00C2A8EF28FFC15F00D28793 /* GreenTrackTests */ = {
			isa = PBXNativeTarget;
			buildConfigurationList = 00C2A90728FFC15F00D28793 /* Build configuration list for PBXNativeTarget "GreenTrackTests" */;
			buildPhases = (
				756BD693FD2E534B65A179B5 /* [CP] Check Pods Manifest.lock */,
				00C2A8EC28FFC15F00D28793 /* Sources */,
				00C2A8ED28FFC15F00D28793 /* Frameworks */,
				00C2A8EE28FFC15F00D28793 /* Resources */,
			);
			buildRules = (
			);
			dependencies = (
				00C2A8F228FFC15F00D28793 /* PBXTargetDependency */,
			);
			name = GreenTrackTests;
			productName = GreenTrackTests;
			productReference = 00C2A8F028FFC15F00D28793 /* GreenTrackTests.xctest */;
			productType = "com.apple.product-type.bundle.unit-test";
		};
		00C2A8F928FFC15F00D28793 /* GreenTrackUITests */ = {
			isa = PBXNativeTarget;
			buildConfigurationList = 00C2A90A28FFC15F00D28793 /* Build configuration list for PBXNativeTarget "GreenTrackUITests" */;
			buildPhases = (
				35F68E61D871F640F0B23BDE /* [CP] Check Pods Manifest.lock */,
				00C2A8F628FFC15F00D28793 /* Sources */,
				00C2A8F728FFC15F00D28793 /* Frameworks */,
				00C2A8F828FFC15F00D28793 /* Resources */,
				00610826F254AAB2A6F8132B /* [CP] Embed Pods Frameworks */,
			);
			buildRules = (
			);
			dependencies = (
				00C2A8FC28FFC15F00D28793 /* PBXTargetDependency */,
			);
			name = GreenTrackUITests;
			productName = GreenTrackUITests;
			productReference = 00C2A8FA28FFC15F00D28793 /* GreenTrackUITests.xctest */;
			productType = "com.apple.product-type.bundle.ui-testing";
		};
/* End PBXNativeTarget section */

/* Begin PBXProject section */
		00C2A8CF28FFC15E00D28793 /* Project object */ = {
			isa = PBXProject;
			attributes = {
				BuildIndependentTargetsInParallel = 1;
				LastSwiftUpdateCheck = 1400;
				LastUpgradeCheck = 1400;
				TargetAttributes = {
					00C2A8D628FFC15E00D28793 = {
						CreatedOnToolsVersion = 14.0.1;
					};
					00C2A8EF28FFC15F00D28793 = {
						CreatedOnToolsVersion = 14.0.1;
						TestTargetID = 00C2A8D628FFC15E00D28793;
					};
					00C2A8F928FFC15F00D28793 = {
						CreatedOnToolsVersion = 14.0.1;
						TestTargetID = 00C2A8D628FFC15E00D28793;
					};
				};
			};
			buildConfigurationList = 00C2A8D228FFC15E00D28793 /* Build configuration list for PBXProject "GreenTrack" */;
			compatibilityVersion = "Xcode 14.0";
			developmentRegion = en;
			hasScannedForEncodings = 0;
			knownRegions = (
				en,
				Base,
			);
			mainGroup = 00C2A8CE28FFC15E00D28793;
			packageReferences = (
				00C2A90D28FFC17000D28793 /* XCRemoteSwiftPackageReference "CocoaPods" */,
			);
			productRefGroup = 00C2A8D828FFC15E00D28793 /* Products */;
			projectDirPath = "";
			projectRoot = "";
			targets = (
				00C2A8D628FFC15E00D28793 /* GreenTrack */,
				00C2A8EF28FFC15F00D28793 /* GreenTrackTests */,
				00C2A8F928FFC15F00D28793 /* GreenTrackUITests */,
			);
		};
/* End PBXProject section */

/* Begin PBXResourcesBuildPhase section */
		00C2A8D528FFC15E00D28793 /* Resources */ = {
			isa = PBXResourcesBuildPhase;
			buildActionMask = 2147483647;
			files = (
				00C2A8EA28FFC15F00D28793 /* LaunchScreen.storyboard in Resources */,
				00C2A8E728FFC15F00D28793 /* Assets.xcassets in Resources */,
				00C2A8E228FFC15E00D28793 /* Main.storyboard in Resources */,
			);
			runOnlyForDeploymentPostprocessing = 0;
		};
		00C2A8EE28FFC15F00D28793 /* Resources */ = {
			isa = PBXResourcesBuildPhase;
			buildActionMask = 2147483647;
			files = (
			);
			runOnlyForDeploymentPostprocessing = 0;
		};
		00C2A8F828FFC15F00D28793 /* Resources */ = {
			isa = PBXResourcesBuildPhase;
			buildActionMask = 2147483647;
			files = (
			);
			runOnlyForDeploymentPostprocessing = 0;
		};
/* End PBXResourcesBuildPhase section */

/* Begin PBXShellScriptBuildPhase section */
		00610826F254AAB2A6F8132B /* [CP] Embed Pods Frameworks */ = {
			isa = PBXShellScriptBuildPhase;
			buildActionMask = 2147483647;
			files = (
			);
			inputFileListPaths = (
				"${PODS_ROOT}/Target Support Files/Pods-GreenTrack-GreenTrackUITests/Pods-GreenTrack-GreenTrackUITests-frameworks-${CONFIGURATION}-input-files.xcfilelist",
			);
			name = "[CP] Embed Pods Frameworks";
			outputFileListPaths = (
				"${PODS_ROOT}/Target Support Files/Pods-GreenTrack-GreenTrackUITests/Pods-GreenTrack-GreenTrackUITests-frameworks-${CONFIGURATION}-output-files.xcfilelist",
			);
			runOnlyForDeploymentPostprocessing = 0;
			shellPath = /bin/sh;
			shellScript = "\"${PODS_ROOT}/Target Support Files/Pods-GreenTrack-GreenTrackUITests/Pods-GreenTrack-GreenTrackUITests-frameworks.sh\"\n";
			showEnvVarsInLog = 0;
		};
		35F68E61D871F640F0B23BDE /* [CP] Check Pods Manifest.lock */ = {
			isa = PBXShellScriptBuildPhase;
			buildActionMask = 2147483647;
			files = (
			);
			inputFileListPaths = (
			);
			inputPaths = (
				"${PODS_PODFILE_DIR_PATH}/Podfile.lock",
				"${PODS_ROOT}/Manifest.lock",
			);
			name = "[CP] Check Pods Manifest.lock";
			outputFileListPaths = (
			);
			outputPaths = (
				"$(DERIVED_FILE_DIR)/Pods-GreenTrack-GreenTrackUITests-checkManifestLockResult.txt",
			);
			runOnlyForDeploymentPostprocessing = 0;
			shellPath = /bin/sh;
			shellScript = "diff \"${PODS_PODFILE_DIR_PATH}/Podfile.lock\" \"${PODS_ROOT}/Manifest.lock\" > /dev/null\nif [ $? != 0 ] ; then\n    # print error to STDERR\n    echo \"error: The sandbox is not in sync with the Podfile.lock. Run 'pod install' or update your CocoaPods installation.\" >&2\n    exit 1\nfi\n# This output is used by Xcode 'outputs' to avoid re-running this script phase.\necho \"SUCCESS\" > \"${SCRIPT_OUTPUT_FILE_0}\"\n";
			showEnvVarsInLog = 0;
		};
		66567C584A976B335A07C4C3 /* [CP] Check Pods Manifest.lock */ = {
			isa = PBXShellScriptBuildPhase;
			buildActionMask = 2147483647;
			files = (
			);
			inputFileListPaths = (
			);
			inputPaths = (
				"${PODS_PODFILE_DIR_PATH}/Podfile.lock",
				"${PODS_ROOT}/Manifest.lock",
			);
			name = "[CP] Check Pods Manifest.lock";
			outputFileListPaths = (
			);
			outputPaths = (
				"$(DERIVED_FILE_DIR)/Pods-GreenTrack-checkManifestLockResult.txt",
			);
			runOnlyForDeploymentPostprocessing = 0;
			shellPath = /bin/sh;
			shellScript = "diff \"${PODS_PODFILE_DIR_PATH}/Podfile.lock\" \"${PODS_ROOT}/Manifest.lock\" > /dev/null\nif [ $? != 0 ] ; then\n    # print error to STDERR\n    echo \"error: The sandbox is not in sync with the Podfile.lock. Run 'pod install' or update your CocoaPods installation.\" >&2\n    exit 1\nfi\n# This output is used by Xcode 'outputs' to avoid re-running this script phase.\necho \"SUCCESS\" > \"${SCRIPT_OUTPUT_FILE_0}\"\n";
			showEnvVarsInLog = 0;
		};
		756BD693FD2E534B65A179B5 /* [CP] Check Pods Manifest.lock */ = {
			isa = PBXShellScriptBuildPhase;
			buildActionMask = 2147483647;
			files = (
			);
			inputFileListPaths = (
			);
			inputPaths = (
				"${PODS_PODFILE_DIR_PATH}/Podfile.lock",
				"${PODS_ROOT}/Manifest.lock",
			);
			name = "[CP] Check Pods Manifest.lock";
			outputFileListPaths = (
			);
			outputPaths = (
				"$(DERIVED_FILE_DIR)/Pods-GreenTrackTests-checkManifestLockResult.txt",
			);
			runOnlyForDeploymentPostprocessing = 0;
			shellPath = /bin/sh;
			shellScript = "diff \"${PODS_PODFILE_DIR_PATH}/Podfile.lock\" \"${PODS_ROOT}/Manifest.lock\" > /dev/null\nif [ $? != 0 ] ; then\n    # print error to STDERR\n    echo \"error: The sandbox is not in sync with the Podfile.lock. Run 'pod install' or update your CocoaPods installation.\" >&2\n    exit 1\nfi\n# This output is used by Xcode 'outputs' to avoid re-running this script phase.\necho \"SUCCESS\" > \"${SCRIPT_OUTPUT_FILE_0}\"\n";
			showEnvVarsInLog = 0;
		};
		B6B5E4401F5BCD4232ACC09B /* [CP] Embed Pods Frameworks */ = {
			isa = PBXShellScriptBuildPhase;
			buildActionMask = 2147483647;
			files = (
			);
			inputFileListPaths = (
				"${PODS_ROOT}/Target Support Files/Pods-GreenTrack/Pods-GreenTrack-frameworks-${CONFIGURATION}-input-files.xcfilelist",
			);
			name = "[CP] Embed Pods Frameworks";
			outputFileListPaths = (
				"${PODS_ROOT}/Target Support Files/Pods-GreenTrack/Pods-GreenTrack-frameworks-${CONFIGURATION}-output-files.xcfilelist",
			);
			runOnlyForDeploymentPostprocessing = 0;
			shellPath = /bin/sh;
			shellScript = "\"${PODS_ROOT}/Target Support Files/Pods-GreenTrack/Pods-GreenTrack-frameworks.sh\"\n";
			showEnvVarsInLog = 0;
		};
/* End PBXShellScriptBuildPhase section */

/* Begin PBXSourcesBuildPhase section */
		00C2A8D328FFC15E00D28793 /* Sources */ = {
			isa = PBXSourcesBuildPhase;
			buildActionMask = 2147483647;
			files = (
				005DEEB92919EDFF0064752A /* BusRoutesViewController.swift in Sources */,
				004E56A529122BFA00BCBBA6 /* CustomTextField.swift in Sources */,
				007460112910995300437B54 /* LoginViewController.swift in Sources */,
				00C2A8E528FFC15E00D28793 /* GreenTrack.xcdatamodeld in Sources */,
				00547FFC2907204E00902B6F /* NetworkManager.swift in Sources */,
				0074601A2910A90300437B54 /* MapViewController.swift in Sources */,
				004E56AB2912441300BCBBA6 /* SignUpViewController.swift in Sources */,
				005DEEC02919F1870064752A /* ProfileViewController.swift in Sources */,
				00C2A8DB28FFC15E00D28793 /* AppDelegate.swift in Sources */,
				00C2A8DD28FFC15E00D28793 /* SceneDelegate.swift in Sources */,
				004E56A729122DEC00BCBBA6 /* SignUpButton.swift in Sources */,
			);
			runOnlyForDeploymentPostprocessing = 0;
		};
		00C2A8EC28FFC15F00D28793 /* Sources */ = {
			isa = PBXSourcesBuildPhase;
			buildActionMask = 2147483647;
			files = (
				00C2A8F528FFC15F00D28793 /* GreenTrackTests.swift in Sources */,
			);
			runOnlyForDeploymentPostprocessing = 0;
		};
		00C2A8F628FFC15F00D28793 /* Sources */ = {
			isa = PBXSourcesBuildPhase;
			buildActionMask = 2147483647;
			files = (
				00C2A90128FFC15F00D28793 /* GreenTrackUITestsLaunchTests.swift in Sources */,
				00C2A8FF28FFC15F00D28793 /* GreenTrackUITests.swift in Sources */,
			);
			runOnlyForDeploymentPostprocessing = 0;
		};
/* End PBXSourcesBuildPhase section */

/* Begin PBXTargetDependency section */
		00C2A8F228FFC15F00D28793 /* PBXTargetDependency */ = {
			isa = PBXTargetDependency;
			target = 00C2A8D628FFC15E00D28793 /* GreenTrack */;
			targetProxy = 00C2A8F128FFC15F00D28793 /* PBXContainerItemProxy */;
		};
		00C2A8FC28FFC15F00D28793 /* PBXTargetDependency */ = {
			isa = PBXTargetDependency;
			target = 00C2A8D628FFC15E00D28793 /* GreenTrack */;
			targetProxy = 00C2A8FB28FFC15F00D28793 /* PBXContainerItemProxy */;
		};
/* End PBXTargetDependency section */

/* Begin PBXVariantGroup section */
		00C2A8E028FFC15E00D28793 /* Main.storyboard */ = {
			isa = PBXVariantGroup;
			children = (
				00C2A8E128FFC15E00D28793 /* Base */,
			);
			name = Main.storyboard;
			sourceTree = "<group>";
		};
		00C2A8E828FFC15F00D28793 /* LaunchScreen.storyboard */ = {
			isa = PBXVariantGroup;
			children = (
				00C2A8E928FFC15F00D28793 /* Base */,
			);
			name = LaunchScreen.storyboard;
			sourceTree = "<group>";
		};
/* End PBXVariantGroup section */

/* Begin XCBuildConfiguration section */
		00C2A90228FFC15F00D28793 /* Debug */ = {
			isa = XCBuildConfiguration;
			buildSettings = {
				ALWAYS_SEARCH_USER_PATHS = NO;
				CLANG_ANALYZER_NONNULL = YES;
				CLANG_ANALYZER_NUMBER_OBJECT_CONVERSION = YES_AGGRESSIVE;
				CLANG_CXX_LANGUAGE_STANDARD = "gnu++20";
				CLANG_ENABLE_MODULES = YES;
				CLANG_ENABLE_OBJC_ARC = YES;
				CLANG_ENABLE_OBJC_WEAK = YES;
				CLANG_WARN_BLOCK_CAPTURE_AUTORELEASING = YES;
				CLANG_WARN_BOOL_CONVERSION = YES;
				CLANG_WARN_COMMA = YES;
				CLANG_WARN_CONSTANT_CONVERSION = YES;
				CLANG_WARN_DEPRECATED_OBJC_IMPLEMENTATIONS = YES;
				CLANG_WARN_DIRECT_OBJC_ISA_USAGE = YES_ERROR;
				CLANG_WARN_DOCUMENTATION_COMMENTS = YES;
				CLANG_WARN_EMPTY_BODY = YES;
				CLANG_WARN_ENUM_CONVERSION = YES;
				CLANG_WARN_INFINITE_RECURSION = YES;
				CLANG_WARN_INT_CONVERSION = YES;
				CLANG_WARN_NON_LITERAL_NULL_CONVERSION = YES;
				CLANG_WARN_OBJC_IMPLICIT_RETAIN_SELF = YES;
				CLANG_WARN_OBJC_LITERAL_CONVERSION = YES;
				CLANG_WARN_OBJC_ROOT_CLASS = YES_ERROR;
				CLANG_WARN_QUOTED_INCLUDE_IN_FRAMEWORK_HEADER = YES;
				CLANG_WARN_RANGE_LOOP_ANALYSIS = YES;
				CLANG_WARN_STRICT_PROTOTYPES = YES;
				CLANG_WARN_SUSPICIOUS_MOVE = YES;
				CLANG_WARN_UNGUARDED_AVAILABILITY = YES_AGGRESSIVE;
				CLANG_WARN_UNREACHABLE_CODE = YES;
				CLANG_WARN__DUPLICATE_METHOD_MATCH = YES;
				COPY_PHASE_STRIP = NO;
				DEBUG_INFORMATION_FORMAT = dwarf;
				ENABLE_STRICT_OBJC_MSGSEND = YES;
				ENABLE_TESTABILITY = YES;
				GCC_C_LANGUAGE_STANDARD = gnu11;
				GCC_DYNAMIC_NO_PIC = NO;
				GCC_NO_COMMON_BLOCKS = YES;
				GCC_OPTIMIZATION_LEVEL = 0;
				GCC_PREPROCESSOR_DEFINITIONS = (
					"DEBUG=1",
					"$(inherited)",
				);
				GCC_WARN_64_TO_32_BIT_CONVERSION = YES;
				GCC_WARN_ABOUT_RETURN_TYPE = YES_ERROR;
				GCC_WARN_UNDECLARED_SELECTOR = YES;
				GCC_WARN_UNINITIALIZED_AUTOS = YES_AGGRESSIVE;
				GCC_WARN_UNUSED_FUNCTION = YES;
				GCC_WARN_UNUSED_VARIABLE = YES;
				IPHONEOS_DEPLOYMENT_TARGET = 16.0;
				MTL_ENABLE_DEBUG_INFO = INCLUDE_SOURCE;
				MTL_FAST_MATH = YES;
				ONLY_ACTIVE_ARCH = YES;
				SDKROOT = iphoneos;
				SWIFT_ACTIVE_COMPILATION_CONDITIONS = DEBUG;
				SWIFT_OPTIMIZATION_LEVEL = "-Onone";
			};
			name = Debug;
		};
		00C2A90328FFC15F00D28793 /* Release */ = {
			isa = XCBuildConfiguration;
			buildSettings = {
				ALWAYS_SEARCH_USER_PATHS = NO;
				CLANG_ANALYZER_NONNULL = YES;
				CLANG_ANALYZER_NUMBER_OBJECT_CONVERSION = YES_AGGRESSIVE;
				CLANG_CXX_LANGUAGE_STANDARD = "gnu++20";
				CLANG_ENABLE_MODULES = YES;
				CLANG_ENABLE_OBJC_ARC = YES;
				CLANG_ENABLE_OBJC_WEAK = YES;
				CLANG_WARN_BLOCK_CAPTURE_AUTORELEASING = YES;
				CLANG_WARN_BOOL_CONVERSION = YES;
				CLANG_WARN_COMMA = YES;
				CLANG_WARN_CONSTANT_CONVERSION = YES;
				CLANG_WARN_DEPRECATED_OBJC_IMPLEMENTATIONS = YES;
				CLANG_WARN_DIRECT_OBJC_ISA_USAGE = YES_ERROR;
				CLANG_WARN_DOCUMENTATION_COMMENTS = YES;
				CLANG_WARN_EMPTY_BODY = YES;
				CLANG_WARN_ENUM_CONVERSION = YES;
				CLANG_WARN_INFINITE_RECURSION = YES;
				CLANG_WARN_INT_CONVERSION = YES;
				CLANG_WARN_NON_LITERAL_NULL_CONVERSION = YES;
				CLANG_WARN_OBJC_IMPLICIT_RETAIN_SELF = YES;
				CLANG_WARN_OBJC_LITERAL_CONVERSION = YES;
				CLANG_WARN_OBJC_ROOT_CLASS = YES_ERROR;
				CLANG_WARN_QUOTED_INCLUDE_IN_FRAMEWORK_HEADER = YES;
				CLANG_WARN_RANGE_LOOP_ANALYSIS = YES;
				CLANG_WARN_STRICT_PROTOTYPES = YES;
				CLANG_WARN_SUSPICIOUS_MOVE = YES;
				CLANG_WARN_UNGUARDED_AVAILABILITY = YES_AGGRESSIVE;
				CLANG_WARN_UNREACHABLE_CODE = YES;
				CLANG_WARN__DUPLICATE_METHOD_MATCH = YES;
				COPY_PHASE_STRIP = NO;
				DEBUG_INFORMATION_FORMAT = "dwarf-with-dsym";
				ENABLE_NS_ASSERTIONS = NO;
				ENABLE_STRICT_OBJC_MSGSEND = YES;
				GCC_C_LANGUAGE_STANDARD = gnu11;
				GCC_NO_COMMON_BLOCKS = YES;
				GCC_WARN_64_TO_32_BIT_CONVERSION = YES;
				GCC_WARN_ABOUT_RETURN_TYPE = YES_ERROR;
				GCC_WARN_UNDECLARED_SELECTOR = YES;
				GCC_WARN_UNINITIALIZED_AUTOS = YES_AGGRESSIVE;
				GCC_WARN_UNUSED_FUNCTION = YES;
				GCC_WARN_UNUSED_VARIABLE = YES;
				IPHONEOS_DEPLOYMENT_TARGET = 16.0;
				MTL_ENABLE_DEBUG_INFO = NO;
				MTL_FAST_MATH = YES;
				SDKROOT = iphoneos;
				SWIFT_COMPILATION_MODE = wholemodule;
				SWIFT_OPTIMIZATION_LEVEL = "-O";
				VALIDATE_PRODUCT = YES;
			};
			name = Release;
		};
		00C2A90528FFC15F00D28793 /* Debug */ = {
			isa = XCBuildConfiguration;
			baseConfigurationReference = A48184DCA3B89C298062349D /* Pods-GreenTrack.debug.xcconfig */;
			buildSettings = {
				ASSETCATALOG_COMPILER_GLOBAL_ACCENT_COLOR_NAME = AccentColor;
				ASSETCATALOG_COMPILER_INCLUDE_ALL_APPICON_ASSETS = YES;
				CODE_SIGN_STYLE = Automatic;
				CURRENT_PROJECT_VERSION = 1;
				DEVELOPMENT_TEAM = WA79WBB982;
				GENERATE_INFOPLIST_FILE = YES;
				INFOPLIST_FILE = GreenTrack/Info.plist;
				INFOPLIST_KEY_UIApplicationSupportsIndirectInputEvents = YES;
				INFOPLIST_KEY_UILaunchStoryboardName = LaunchScreen.storyboard;
				INFOPLIST_KEY_UIMainStoryboardFile = Main;
				INFOPLIST_KEY_UISupportedInterfaceOrientations_iPad = "UIInterfaceOrientationPortrait UIInterfaceOrientationPortraitUpsideDown UIInterfaceOrientationLandscapeLeft UIInterfaceOrientationLandscapeRight";
				INFOPLIST_KEY_UISupportedInterfaceOrientations_iPhone = "UIInterfaceOrientationPortrait UIInterfaceOrientationLandscapeLeft UIInterfaceOrientationLandscapeRight";
				LD_RUNPATH_SEARCH_PATHS = (
					"$(inherited)",
					"@executable_path/Frameworks",
				);
				MARKETING_VERSION = 1.0;
				PRODUCT_BUNDLE_IDENTIFIER = memo.com.GreenTrack;
				PRODUCT_NAME = "$(TARGET_NAME)";
				SWIFT_EMIT_LOC_STRINGS = YES;
				SWIFT_VERSION = 5.0;
				TARGETED_DEVICE_FAMILY = "1,2";
			};
			name = Debug;
		};
		00C2A90628FFC15F00D28793 /* Release */ = {
			isa = XCBuildConfiguration;
			baseConfigurationReference = 2F1447FE6A6185FB910B36FA /* Pods-GreenTrack.release.xcconfig */;
			buildSettings = {
				ASSETCATALOG_COMPILER_GLOBAL_ACCENT_COLOR_NAME = AccentColor;
				ASSETCATALOG_COMPILER_INCLUDE_ALL_APPICON_ASSETS = YES;
				CODE_SIGN_STYLE = Automatic;
				CURRENT_PROJECT_VERSION = 1;
				DEVELOPMENT_TEAM = WA79WBB982;
				GENERATE_INFOPLIST_FILE = YES;
				INFOPLIST_FILE = GreenTrack/Info.plist;
				INFOPLIST_KEY_UIApplicationSupportsIndirectInputEvents = YES;
				INFOPLIST_KEY_UILaunchStoryboardName = LaunchScreen.storyboard;
				INFOPLIST_KEY_UIMainStoryboardFile = Main;
				INFOPLIST_KEY_UISupportedInterfaceOrientations_iPad = "UIInterfaceOrientationPortrait UIInterfaceOrientationPortraitUpsideDown UIInterfaceOrientationLandscapeLeft UIInterfaceOrientationLandscapeRight";
				INFOPLIST_KEY_UISupportedInterfaceOrientations_iPhone = "UIInterfaceOrientationPortrait UIInterfaceOrientationLandscapeLeft UIInterfaceOrientationLandscapeRight";
				LD_RUNPATH_SEARCH_PATHS = (
					"$(inherited)",
					"@executable_path/Frameworks",
				);
				MARKETING_VERSION = 1.0;
				PRODUCT_BUNDLE_IDENTIFIER = memo.com.GreenTrack;
				PRODUCT_NAME = "$(TARGET_NAME)";
				SWIFT_EMIT_LOC_STRINGS = YES;
				SWIFT_VERSION = 5.0;
				TARGETED_DEVICE_FAMILY = "1,2";
			};
			name = Release;
		};
		00C2A90828FFC15F00D28793 /* Debug */ = {
			isa = XCBuildConfiguration;
			baseConfigurationReference = 8EA0FF88A7B4C95E12F9A67D /* Pods-GreenTrackTests.debug.xcconfig */;
			buildSettings = {
				ALWAYS_EMBED_SWIFT_STANDARD_LIBRARIES = YES;
				BUNDLE_LOADER = "$(TEST_HOST)";
				CODE_SIGN_STYLE = Automatic;
				CURRENT_PROJECT_VERSION = 1;
				DEVELOPMENT_TEAM = WA79WBB982;
				GENERATE_INFOPLIST_FILE = YES;
				IPHONEOS_DEPLOYMENT_TARGET = 16.0;
				MARKETING_VERSION = 1.0;
				PRODUCT_BUNDLE_IDENTIFIER = memo.com.GreenTrackTests;
				PRODUCT_NAME = "$(TARGET_NAME)";
				SWIFT_EMIT_LOC_STRINGS = NO;
				SWIFT_VERSION = 5.0;
				TARGETED_DEVICE_FAMILY = "1,2";
				TEST_HOST = "$(BUILT_PRODUCTS_DIR)/GreenTrack.app/$(BUNDLE_EXECUTABLE_FOLDER_PATH)/GreenTrack";
			};
			name = Debug;
		};
		00C2A90928FFC15F00D28793 /* Release */ = {
			isa = XCBuildConfiguration;
			baseConfigurationReference = 530964D329FEAF2CA603C2D4 /* Pods-GreenTrackTests.release.xcconfig */;
			buildSettings = {
				ALWAYS_EMBED_SWIFT_STANDARD_LIBRARIES = YES;
				BUNDLE_LOADER = "$(TEST_HOST)";
				CODE_SIGN_STYLE = Automatic;
				CURRENT_PROJECT_VERSION = 1;
				DEVELOPMENT_TEAM = WA79WBB982;
				GENERATE_INFOPLIST_FILE = YES;
				IPHONEOS_DEPLOYMENT_TARGET = 16.0;
				MARKETING_VERSION = 1.0;
				PRODUCT_BUNDLE_IDENTIFIER = memo.com.GreenTrackTests;
				PRODUCT_NAME = "$(TARGET_NAME)";
				SWIFT_EMIT_LOC_STRINGS = NO;
				SWIFT_VERSION = 5.0;
				TARGETED_DEVICE_FAMILY = "1,2";
				TEST_HOST = "$(BUILT_PRODUCTS_DIR)/GreenTrack.app/$(BUNDLE_EXECUTABLE_FOLDER_PATH)/GreenTrack";
			};
			name = Release;
		};
		00C2A90B28FFC15F00D28793 /* Debug */ = {
			isa = XCBuildConfiguration;
			baseConfigurationReference = 89611E8F3D3CD9F8052F70A0 /* Pods-GreenTrack-GreenTrackUITests.debug.xcconfig */;
			buildSettings = {
				ALWAYS_EMBED_SWIFT_STANDARD_LIBRARIES = YES;
				CODE_SIGN_STYLE = Automatic;
				CURRENT_PROJECT_VERSION = 1;
				DEVELOPMENT_TEAM = WA79WBB982;
				GENERATE_INFOPLIST_FILE = YES;
				MARKETING_VERSION = 1.0;
				PRODUCT_BUNDLE_IDENTIFIER = memo.com.GreenTrackUITests;
				PRODUCT_NAME = "$(TARGET_NAME)";
				SWIFT_EMIT_LOC_STRINGS = NO;
				SWIFT_VERSION = 5.0;
				TARGETED_DEVICE_FAMILY = "1,2";
				TEST_TARGET_NAME = GreenTrack;
			};
			name = Debug;
		};
		00C2A90C28FFC15F00D28793 /* Release */ = {
			isa = XCBuildConfiguration;
			baseConfigurationReference = 6BD51630CB0B491941023152 /* Pods-GreenTrack-GreenTrackUITests.release.xcconfig */;
			buildSettings = {
				ALWAYS_EMBED_SWIFT_STANDARD_LIBRARIES = YES;
				CODE_SIGN_STYLE = Automatic;
				CURRENT_PROJECT_VERSION = 1;
				DEVELOPMENT_TEAM = WA79WBB982;
				GENERATE_INFOPLIST_FILE = YES;
				MARKETING_VERSION = 1.0;
				PRODUCT_BUNDLE_IDENTIFIER = memo.com.GreenTrackUITests;
				PRODUCT_NAME = "$(TARGET_NAME)";
				SWIFT_EMIT_LOC_STRINGS = NO;
				SWIFT_VERSION = 5.0;
				TARGETED_DEVICE_FAMILY = "1,2";
				TEST_TARGET_NAME = GreenTrack;
			};
			name = Release;
		};
/* End XCBuildConfiguration section */

/* Begin XCConfigurationList section */
		00C2A8D228FFC15E00D28793 /* Build configuration list for PBXProject "GreenTrack" */ = {
			isa = XCConfigurationList;
			buildConfigurations = (
				00C2A90228FFC15F00D28793 /* Debug */,
				00C2A90328FFC15F00D28793 /* Release */,
			);
			defaultConfigurationIsVisible = 0;
			defaultConfigurationName = Release;
		};
		00C2A90428FFC15F00D28793 /* Build configuration list for PBXNativeTarget "GreenTrack" */ = {
			isa = XCConfigurationList;
			buildConfigurations = (
				00C2A90528FFC15F00D28793 /* Debug */,
				00C2A90628FFC15F00D28793 /* Release */,
			);
			defaultConfigurationIsVisible = 0;
			defaultConfigurationName = Release;
		};
		00C2A90728FFC15F00D28793 /* Build configuration list for PBXNativeTarget "GreenTrackTests" */ = {
			isa = XCConfigurationList;
			buildConfigurations = (
				00C2A90828FFC15F00D28793 /* Debug */,
				00C2A90928FFC15F00D28793 /* Release */,
			);
			defaultConfigurationIsVisible = 0;
			defaultConfigurationName = Release;
		};
		00C2A90A28FFC15F00D28793 /* Build configuration list for PBXNativeTarget "GreenTrackUITests" */ = {
			isa = XCConfigurationList;
			buildConfigurations = (
				00C2A90B28FFC15F00D28793 /* Debug */,
				00C2A90C28FFC15F00D28793 /* Release */,
			);
			defaultConfigurationIsVisible = 0;
			defaultConfigurationName = Release;
		};
/* End XCConfigurationList section */

/* Begin XCRemoteSwiftPackageReference section */
		00C2A90D28FFC17000D28793 /* XCRemoteSwiftPackageReference "CocoaPods" */ = {
			isa = XCRemoteSwiftPackageReference;
			repositoryURL = "https://github.com/CocoaPods/CocoaPods";
			requirement = {
				branch = master;
				kind = branch;
			};
		};
/* End XCRemoteSwiftPackageReference section */

/* Begin XCVersionGroup section */
		00C2A8E328FFC15E00D28793 /* GreenTrack.xcdatamodeld */ = {
			isa = XCVersionGroup;
			children = (
				00C2A8E428FFC15E00D28793 /* GreenTrack.xcdatamodel */,
			);
			currentVersion = 00C2A8E428FFC15E00D28793 /* GreenTrack.xcdatamodel */;
			path = GreenTrack.xcdatamodeld;
			sourceTree = "<group>";
			versionGroupType = wrapper.xcdatamodel;
		};
/* End XCVersionGroup section */
	};
	rootObject = 00C2A8CF28FFC15E00D28793 /* Project object */;
}
